{
  "name": "SviteTemplate",
  "lockfileVersion": 3,
  "requires": true,
  "packages": {
    "": {
      "dependencies": {
        "svelte-use-click-outside": "^1.0.0"
      }
    },
    "node_modules/svelte-use-click-outside": {
      "version": "1.0.0",
      "resolved": "https://registry.npmjs.org/svelte-use-click-outside/-/svelte-use-click-outside-1.0.0.tgz",
      "integrity": "sha512-tOWeMPxeIoW9RshS0WbogRhdYdbxcJV0ebkzSh1lwR7Ihl0hSZMmB4YyCHHoXJK4xcbxCCFh0AnQ1vkzGZfLVQ=="
    }
  }
}
